# One gtest filter per line.

EeRecHarnessValidation.TestOne_SetsRegisterToKnownPoison
EeRecHarnessValidation.MultipleRunsInSameTestAreIdempotent
EeRecAlu.AddiuSignExtend
EeRecShift.SllSignExtendsHighBit
EeRecBranch.BeqTaken
EeRecBranch.BeqNotTaken
EeRecBranchInDelay.InnerJalInDelaySlotIsSquashed
EeRecJump.JalrLinkRegisterExplicitSeparateFromJumpTarget
EeRecLoadStore.LwrLwlPairUnalignedWordLoad
EeRecMulDiv.DivSimple
EeRecCop0.Mtc0ThenMfc0Roundtrip
EeRecFpu.Mtc1MovesGprBitsToFpr
EeRecFpu.AddSInteger
EeRecFpuGuardBit.SubMasksOneGuardBit
EeRecMmi.MaddAccumulates32Bit
EeRecTraps.TeqTakenInDelaySlotSetsCauseBdAndBranchEpc
EeRecMultiblock.ThreeBlockChainExecutesInOrder
EeRecPinnedGpr.ScalarReadsOfPinnedRegs
EeRecTimeoutLoop.SelfLoopWithAluBodyIsNotSkipped
EeRecSmc.TriggerSmcHelperRewritesMemory
